
Microsoft Visual Studio Solution File, Format Version 12.00
# Visual Studio Version 17
VisualStudioVersion = 17.10.35013.160
MinimumVisualStudioVersion = 10.0.40219.1
Project("{FAE04EC0-301F-11D3-BF4B-00C04F79EFBC}") = "ConsoleApp2", "ConsoleApp2\ConsoleApp2.csproj", "{3F4C2423-7860-4C92-B8CC-7B248D8E7395}"
EndProject
Global
	GlobalSection(SolutionConfigurationPlatforms) = preSolution
		Debug|Any CPU = Debug|Any CPU
		Release|Any CPU = Release|Any CPU
	EndGlobalSection
	GlobalSection(ProjectConfigurationPlatforms) = postSolution
		{3F4C2423-7860-4C92-B8CC-7B248D8E7395}.Debug|Any CPU.ActiveCfg = Debug|Any CPU
		{3F4C2423-7860-4C92-B8CC-7B248D8E7395}.Debug|Any CPU.Build.0 = Debug|Any CPU
		{3F4C2423-7860-4C92-B8CC-7B248D8E7395}.Release|Any CPU.ActiveCfg = Release|Any CPU
		{3F4C2423-7860-4C92-B8CC-7B248D8E7395}.Release|Any CPU.Build.0 = Release|Any CPU
	EndGlobalSection
	GlobalSection(SolutionProperties) = preSolution
		HideSolutionNode = FALSE
	EndGlobalSection
	GlobalSection(ExtensibilityGlobals) = postSolution
		SolutionGuid = {9184048B-AA2E-44A9-BBB1-C3C27A0C5792}
	EndGlobalSection
EndGlobal
